
Microsoft Visual Studio Solution File, Format Version 12.00
# Visual Studio Version 16
VisualStudioVersion = 16.0.28729.10
MinimumVisualStudioVersion = 10.0.40219.1
Project("{8BC9CEB8-8B4A-11D0-8D11-00A0C91BC942}") = "Server", "Server\Server.vcxproj", "{899F1F4B-E226-4191-87AA-7E24F9DB9D97}"
EndProject
Project("{8BC9CEB8-8B4A-11D0-8D11-00A0C91BC942}") = "ServerUnitTest", "ServerUnitTest\ServerUnitTest.vcxproj", "{35ED774E-B44A-42FF-BD08-DA74AD27DACC}"
EndProject
Global
	GlobalSection(SolutionConfigurationPlatforms) = preSolution
		Debug|x64 = Debug|x64
		Debug|x86 = Debug|x86
		Release|x64 = Release|x64
		Release|x86 = Release|x86
	EndGlobalSection
	GlobalSection(ProjectConfigurationPlatforms) = postSolution
		{899F1F4B-E226-4191-87AA-7E24F9DB9D97}.Debug|x64.ActiveCfg = Debug|x64
		{899F1F4B-E226-4191-87AA-7E24F9DB9D97}.Debug|x64.Build.0 = Debug|x64
		{899F1F4B-E226-4191-87AA-7E24F9DB9D97}.Debug|x86.ActiveCfg = Debug|x64
		{899F1F4B-E226-4191-87AA-7E24F9DB9D97}.Debug|x86.Build.0 = Debug|x64
		{899F1F4B-E226-4191-87AA-7E24F9DB9D97}.Release|x64.ActiveCfg = Release|x64
		{899F1F4B-E226-4191-87AA-7E24F9DB9D97}.Release|x64.Build.0 = Release|x64
		{899F1F4B-E226-4191-87AA-7E24F9DB9D97}.Release|x86.ActiveCfg = Release|Win32
		{899F1F4B-E226-4191-87AA-7E24F9DB9D97}.Release|x86.Build.0 = Release|Win32
		{35ED774E-B44A-42FF-BD08-DA74AD27DACC}.Debug|x64.ActiveCfg = Debug|x64
		{35ED774E-B44A-42FF-BD08-DA74AD27DACC}.Debug|x64.Build.0 = Debug|x64
		{35ED774E-B44A-42FF-BD08-DA74AD27DACC}.Debug|x86.ActiveCfg = Debug|x64
		{35ED774E-B44A-42FF-BD08-DA74AD27DACC}.Debug|x86.Build.0 = Debug|x64
		{35ED774E-B44A-42FF-BD08-DA74AD27DACC}.Release|x64.ActiveCfg = Release|x64
		{35ED774E-B44A-42FF-BD08-DA74AD27DACC}.Release|x64.Build.0 = Release|x64
		{35ED774E-B44A-42FF-BD08-DA74AD27DACC}.Release|x86.ActiveCfg = Release|Win32
		{35ED774E-B44A-42FF-BD08-DA74AD27DACC}.Release|x86.Build.0 = Release|Win32
	EndGlobalSection
	GlobalSection(SolutionProperties) = preSolution
		HideSolutionNode = FALSE
	EndGlobalSection
	GlobalSection(ExtensibilityGlobals) = postSolution
		SolutionGuid = {60B4D937-DD27-4E96-ACC8-01AEE7B01339}
	EndGlobalSection
EndGlobal
